# THIS IS AN AUTOGENERATED FILE. DO NOT EDIT THIS FILE DIRECTLY.
# yarn lockfile v1


"@aws-crypto/ie11-detection@^3.0.0":
  version "3.0.0"
  resolved "https://registry.yarnpkg.com/@aws-crypto/ie11-detection/-/ie11-detection-3.0.0.tgz#640ae66b4ec3395cee6a8e94ebcd9f80c24cd688"
  integrity sha512-341lBBkiY1DfDNKai/wXM3aujNBkXR7tq1URPQDL9wi3AUbI80NR74uF1TXHMm7po1AcnFk8iu2S2IeU/+/A+Q==
  dependencies:
    tslib "^1.11.1"

"@aws-crypto/sha256-browser@3.0.0":
  version "3.0.0"
  resolved "https://registry.yarnpkg.com/@aws-crypto/sha256-browser/-/sha256-browser-3.0.0.tgz#05f160138ab893f1c6ba5be57cfd108f05827766"
  integrity sha512-8VLmW2B+gjFbU5uMeqtQM6Nj0/F1bro80xQXCW6CQBWgosFWXTx77aeOF5CAIAmbOK64SdMBJdNr6J41yP5mvQ==
  dependencies:
    "@aws-crypto/ie11-detection" "^3.0.0"
    "@aws-crypto/sha256-js" "^3.0.0"
    "@aws-crypto/supports-web-crypto" "^3.0.0"
    "@aws-crypto/util" "^3.0.0"
    "@aws-sdk/types" "^3.222.0"
    "@aws-sdk/util-locate-window" "^3.0.0"
    "@aws-sdk/util-utf8-browser" "^3.0.0"
    tslib "^1.11.1"

"@aws-crypto/sha256-js@3.0.0", "@aws-crypto/sha256-js@^3.0.0":
  version "3.0.0"
  resolved "https://registry.yarnpkg.com/@aws-crypto/sha256-js/-/sha256-js-3.0.0.tgz#f06b84d550d25521e60d2a0e2a90139341e007c2"
  integrity sha512-PnNN7os0+yd1XvXAy23CFOmTbMaDxgxXtTKHybrJ39Y8kGzBATgBFibWJKH6BhytLI/Zyszs87xCOBNyBig6vQ==
  dependencies:
    "@aws-crypto/util" "^3.0.0"
    "@aws-sdk/types" "^3.222.0"
    tslib "^1.11.1"

"@aws-crypto/supports-web-crypto@^3.0.0":
  version "3.0.0"
  resolved "https://registry.yarnpkg.com/@aws-crypto/supports-web-crypto/-/supports-web-crypto-3.0.0.tgz#5d1bf825afa8072af2717c3e455f35cda0103ec2"
  integrity sha512-06hBdMwUAb2WFTuGG73LSC0wfPu93xWwo5vL2et9eymgmu3Id5vFAHBbajVWiGhPO37qcsdCap/FqXvJGJWPIg==
  dependencies:
    tslib "^1.11.1"

"@aws-crypto/util@^3.0.0":
  version "3.0.0"
  resolved "https://registry.yarnpkg.com/@aws-crypto/util/-/util-3.0.0.tgz#1c7ca90c29293f0883468ad48117937f0fe5bfb0"
  integrity sha512-2OJlpeJpCR48CC8r+uKVChzs9Iungj9wkZrl8Z041DWEWvyIHILYKCPNzJghKsivj+S3mLo6BVc7mBNzdxA46w==
  dependencies:
    "@aws-sdk/types" "^3.222.0"
    "@aws-sdk/util-utf8-browser" "^3.0.0"
    tslib "^1.11.1"

"@aws-sdk/abort-controller@3.337.0":
  version "3.337.0"
  resolved "https://registry.yarnpkg.com/@aws-sdk/abort-controller/-/abort-controller-3.337.0.tgz#21463c2b01595d34312b78c63a9b543ab494abf5"
  integrity sha512-2Aib1YO8bnHegjI9MvGJFEUDSwnWo3M5DfxvqqelP+y0aVezYn47gp6juTfU/JrxoLBavUnlZvkd5gWyj4tBoA==
  dependencies:
    "@aws-sdk/types" "3.337.0"
    tslib "^2.5.0"

"@aws-sdk/client-sqs@^3.258.0":
  version "3.337.0"
  resolved "https://registry.yarnpkg.com/@aws-sdk/client-sqs/-/client-sqs-3.337.0.tgz#09ce142c25474b07fce90dd35a30709a5a5534a4"
  integrity sha512-/hNp1Xvs/u4Svv3KO2/VX3IvVMWjgANbUd+zXK+f4OJlq/Znxj7XQyHSI2W/s5dGK+VBLsu9AoWhIcHl9owGNA==
  dependencies:
    "@aws-crypto/sha256-browser" "3.0.0"
    "@aws-crypto/sha256-js" "3.0.0"
    "@aws-sdk/client-sts" "3.337.0"
    "@aws-sdk/config-resolver" "3.337.0"
    "@aws-sdk/credential-provider-node" "3.337.0"
    "@aws-sdk/fetch-http-handler" "3.337.0"
    "@aws-sdk/hash-node" "3.337.0"
    "@aws-sdk/invalid-dependency" "3.337.0"
    "@aws-sdk/md5-js" "3.337.0"
    "@aws-sdk/middleware-content-length" "3.337.0"
    "@aws-sdk/middleware-endpoint" "3.337.0"
    "@aws-sdk/middleware-host-header" "3.337.0"
    "@aws-sdk/middleware-logger" "3.337.0"
    "@aws-sdk/middleware-recursion-detection" "3.337.0"
    "@aws-sdk/middleware-retry" "3.337.0"
    "@aws-sdk/middleware-sdk-sqs" "3.337.0"
    "@aws-sdk/middleware-serde" "3.337.0"
    "@aws-sdk/middleware-signing" "3.337.0"
    "@aws-sdk/middleware-stack" "3.337.0"
    "@aws-sdk/middleware-user-agent" "3.337.0"
    "@aws-sdk/node-config-provider" "3.337.0"
    "@aws-sdk/node-http-handler" "3.337.0"
    "@aws-sdk/smithy-client" "3.337.0"
    "@aws-sdk/types" "3.337.0"
    "@aws-sdk/url-parser" "3.337.0"
    "@aws-sdk/util-base64" "3.310.0"
    "@aws-sdk/util-body-length-browser" "3.310.0"
    "@aws-sdk/util-body-length-node" "3.310.0"
    "@aws-sdk/util-defaults-mode-browser" "3.337.0"
    "@aws-sdk/util-defaults-mode-node" "3.337.0"
    "@aws-sdk/util-endpoints" "3.337.0"
    "@aws-sdk/util-retry" "3.337.0"
    "@aws-sdk/util-user-agent-browser" "3.337.0"
    "@aws-sdk/util-user-agent-node" "3.337.0"
    "@aws-sdk/util-utf8" "3.310.0"
    "@smithy/protocol-http" "^1.0.1"
    "@smithy/types" "^1.0.0"
    fast-xml-parser "4.1.2"
    tslib "^2.5.0"

"@aws-sdk/client-sso-oidc@3.337.0":
  version "3.337.0"
  resolved "https://registry.yarnpkg.com/@aws-sdk/client-sso-oidc/-/client-sso-oidc-3.337.0.tgz#270220c95bb2ca9648cc86ef6ee14a880b927287"
  integrity sha512-7aC3rKKZB5uYBvnXEn6IoVmZ9A3zPR/CMALWw9NoHlOc1DIsoyVwzVkqmmR2jRWdYbu2DdCmbpQBpnL9HQ4+PA==
  dependencies:
    "@aws-crypto/sha256-browser" "3.0.0"
    "@aws-crypto/sha256-js" "3.0.0"
    "@aws-sdk/config-resolver" "3.337.0"
    "@aws-sdk/fetch-http-handler" "3.337.0"
    "@aws-sdk/hash-node" "3.337.0"
    "@aws-sdk/invalid-dependency" "3.337.0"
    "@aws-sdk/middleware-content-length" "3.337.0"
    "@aws-sdk/middleware-endpoint" "3.337.0"
    "@aws-sdk/middleware-host-header" "3.337.0"
    "@aws-sdk/middleware-logger" "3.337.0"
    "@aws-sdk/middleware-recursion-detection" "3.337.0"
    "@aws-sdk/middleware-retry" "3.337.0"
    "@aws-sdk/middleware-serde" "3.337.0"
    "@aws-sdk/middleware-stack" "3.337.0"
    "@aws-sdk/middleware-user-agent" "3.337.0"
    "@aws-sdk/node-config-provider" "3.337.0"
    "@aws-sdk/node-http-handler" "3.337.0"
    "@aws-sdk/smithy-client" "3.337.0"
    "@aws-sdk/types" "3.337.0"
    "@aws-sdk/url-parser" "3.337.0"
    "@aws-sdk/util-base64" "3.310.0"
    "@aws-sdk/util-body-length-browser" "3.310.0"
    "@aws-sdk/util-body-length-node" "3.310.0"
    "@aws-sdk/util-defaults-mode-browser" "3.337.0"
    "@aws-sdk/util-defaults-mode-node" "3.337.0"
    "@aws-sdk/util-endpoints" "3.337.0"
    "@aws-sdk/util-retry" "3.337.0"
    "@aws-sdk/util-user-agent-browser" "3.337.0"
    "@aws-sdk/util-user-agent-node" "3.337.0"
    "@aws-sdk/util-utf8" "3.310.0"
    "@smithy/protocol-http" "^1.0.1"
    "@smithy/types" "^1.0.0"
    tslib "^2.5.0"

"@aws-sdk/client-sso@3.337.0":
  version "3.337.0"
  resolved "https://registry.yarnpkg.com/@aws-sdk/client-sso/-/client-sso-3.337.0.tgz#5a45392351980b0fd4c33fe1441fe00d57900231"
  integrity sha512-KU8Zcw9WBGuxU88Ooz53aMp1gSpMn+TTZyfq9XUQqvcfBBvV+zsX8nIym1fiZXdbt02kYjBdpyF9z+ibpN+JDA==
  dependencies:
    "@aws-crypto/sha256-browser" "3.0.0"
    "@aws-crypto/sha256-js" "3.0.0"
    "@aws-sdk/config-resolver" "3.337.0"
    "@aws-sdk/fetch-http-handler" "3.337.0"
    "@aws-sdk/hash-node" "3.337.0"
    "@aws-sdk/invalid-dependency" "3.337.0"
    "@aws-sdk/middleware-content-length" "3.337.0"
    "@aws-sdk/middleware-endpoint" "3.337.0"
    "@aws-sdk/middleware-host-header" "3.337.0"
    "@aws-sdk/middleware-logger" "3.337.0"
    "@aws-sdk/middleware-recursion-detection" "3.337.0"
    "@aws-sdk/middleware-retry" "3.337.0"
    "@aws-sdk/middleware-serde" "3.337.0"
    "@aws-sdk/middleware-stack" "3.337.0"
    "@aws-sdk/middleware-user-agent" "3.337.0"
    "@aws-sdk/node-config-provider" "3.337.0"
    "@aws-sdk/node-http-handler" "3.337.0"
    "@aws-sdk/smithy-client" "3.337.0"
    "@aws-sdk/types" "3.337.0"
    "@aws-sdk/url-parser" "3.337.0"
    "@aws-sdk/util-base64" "3.310.0"
    "@aws-sdk/util-body-length-browser" "3.310.0"
    "@aws-sdk/util-body-length-node" "3.310.0"
    "@aws-sdk/util-defaults-mode-browser" "3.337.0"
    "@aws-sdk/util-defaults-mode-node" "3.337.0"
    "@aws-sdk/util-endpoints" "3.337.0"
    "@aws-sdk/util-retry" "3.337.0"
    "@aws-sdk/util-user-agent-browser" "3.337.0"
    "@aws-sdk/util-user-agent-node" "3.337.0"
    "@aws-sdk/util-utf8" "3.310.0"
    "@smithy/protocol-http" "^1.0.1"
    "@smithy/types" "^1.0.0"
    tslib "^2.5.0"

"@aws-sdk/client-sts@3.337.0":
  version "3.337.0"
  resolved "https://registry.yarnpkg.com/@aws-sdk/client-sts/-/client-sts-3.337.0.tgz#5258d778924862a568a76a8f94bf7b31c12fea7a"
  integrity sha512-MxzoEgTu+bv7bxcySiLBVDciaSA2cMpBXm0ovLbJtFIbpPhM4xM6xylBA4OXByT1Ili2RUUGcDGGe+ampMtDVw==
  dependencies:
    "@aws-crypto/sha256-browser" "3.0.0"
    "@aws-crypto/sha256-js" "3.0.0"
    "@aws-sdk/config-resolver" "3.337.0"
    "@aws-sdk/credential-provider-node" "3.337.0"
    "@aws-sdk/fetch-http-handler" "3.337.0"
    "@aws-sdk/hash-node" "3.337.0"
    "@aws-sdk/invalid-dependency" "3.337.0"
    "@aws-sdk/middleware-content-length" "3.337.0"
    "@aws-sdk/middleware-endpoint" "3.337.0"
    "@aws-sdk/middleware-host-header" "3.337.0"
    "@aws-sdk/middleware-logger" "3.337.0"
    "@aws-sdk/middleware-recursion-detection" "3.337.0"
    "@aws-sdk/middleware-retry" "3.337.0"
    "@aws-sdk/middleware-sdk-sts" "3.337.0"
    "@aws-sdk/middleware-serde" "3.337.0"
    "@aws-sdk/middleware-signing" "3.337.0"
    "@aws-sdk/middleware-stack" "3.337.0"
    "@aws-sdk/middleware-user-agent" "3.337.0"
    "@aws-sdk/node-config-provider" "3.337.0"
    "@aws-sdk/node-http-handler" "3.337.0"
    "@aws-sdk/smithy-client" "3.337.0"
    "@aws-sdk/types" "3.337.0"
    "@aws-sdk/url-parser" "3.337.0"
    "@aws-sdk/util-base64" "3.310.0"
    "@aws-sdk/util-body-length-browser" "3.310.0"
    "@aws-sdk/util-body-length-node" "3.310.0"
    "@aws-sdk/util-defaults-mode-browser" "3.337.0"
    "@aws-sdk/util-defaults-mode-node" "3.337.0"
    "@aws-sdk/util-endpoints" "3.337.0"
    "@aws-sdk/util-retry" "3.337.0"
    "@aws-sdk/util-user-agent-browser" "3.337.0"
    "@aws-sdk/util-user-agent-node" "3.337.0"
    "@aws-sdk/util-utf8" "3.310.0"
    "@smithy/protocol-http" "^1.0.1"
    "@smithy/types" "^1.0.0"
    fast-xml-parser "4.1.2"
    tslib "^2.5.0"

"@aws-sdk/config-resolver@3.337.0":
  version "3.337.0"
  resolved "https://registry.yarnpkg.com/@aws-sdk/config-resolver/-/config-resolver-3.337.0.tgz#6d9492191a04f6e43d5d08da25ba7d7bb5516358"
  integrity sha512-42rHg1211GAvyCSpWPW7sj3Nhsq0ZavuApRKCRMEtnH1tfTMubCwCZ9tz1eRSPZsW7oLM41nfct4OYlZ4KpMWg==
  dependencies:
    "@aws-sdk/types" "3.337.0"
    "@aws-sdk/util-config-provider" "3.310.0"
    "@aws-sdk/util-middleware" "3.337.0"
    tslib "^2.5.0"

"@aws-sdk/credential-provider-env@3.337.0":
  version "3.337.0"
  resolved "https://registry.yarnpkg.com/@aws-sdk/credential-provider-env/-/credential-provider-env-3.337.0.tgz#b4e9ba462569ba3e74752d63505a5197b171147a"
  integrity sha512-d9o3OpGYhXEPXWVbh7J7m4PppvoLL4uoTghjlUpjmnkZHzqctYnz7EP4felHIyYVM3tdOLRjrlO9iZIXax/C7g==
  dependencies:
    "@aws-sdk/property-provider" "3.337.0"
    "@aws-sdk/types" "3.337.0"
    tslib "^2.5.0"

"@aws-sdk/credential-provider-imds@3.337.0":
  version "3.337.0"
  resolved "https://registry.yarnpkg.com/@aws-sdk/credential-provider-imds/-/credential-provider-imds-3.337.0.tgz#640d5956c13760fd031f6a839387ff4b2d06d09f"
  integrity sha512-aY4FSWEk/gOEkbJkqSCOxnvf4POPh0LcJE9ner1s6LaCnMGwGD9fxq6UzDJcWDjh8aK7B6fqPmbA9oeGkstQNA==
  dependencies:
    "@aws-sdk/node-config-provider" "3.337.0"
    "@aws-sdk/property-provider" "3.337.0"
    "@aws-sdk/types" "3.337.0"
    "@aws-sdk/url-parser" "3.337.0"
    tslib "^2.5.0"

"@aws-sdk/credential-provider-ini@3.337.0":
  version "3.337.0"
  resolved "https://registry.yarnpkg.com/@aws-sdk/credential-provider-ini/-/credential-provider-ini-3.337.0.tgz#12f58df1309d76e19a7cbdc018d9c290cab9af5f"
  integrity sha512-Ox5xFMi3Bqh5fMHsj8QoryKpvoW2asHv14SRvNe/18CpY4QXna8PQ8P2EAdEYC9SRqiIMlEZze4+o+nnsdYGVA==
  dependencies:
    "@aws-sdk/credential-provider-env" "3.337.0"
    "@aws-sdk/credential-provider-imds" "3.337.0"
    "@aws-sdk/credential-provider-process" "3.337.0"
    "@aws-sdk/credential-provider-sso" "3.337.0"
    "@aws-sdk/credential-provider-web-identity" "3.337.0"
    "@aws-sdk/property-provider" "3.337.0"
    "@aws-sdk/shared-ini-file-loader" "3.337.0"
    "@aws-sdk/types" "3.337.0"
    tslib "^2.5.0"

"@aws-sdk/credential-provider-node@3.337.0":
  version "3.337.0"
  resolved "https://registry.yarnpkg.com/@aws-sdk/credential-provider-node/-/credential-provider-node-3.337.0.tgz#9b48f190a6b91316b81d29a7431e870688e375b9"
  integrity sha512-7RvlOI3Uij6yjhA66w9HVn6NzHYCT3PmuD/ZOL+Tq3j/LO6m7XrcXcsHGJkk4cq0ctFV0177Y6bNQXdbMOb/EQ==
  dependencies:
    "@aws-sdk/credential-provider-env" "3.337.0"
    "@aws-sdk/credential-provider-imds" "3.337.0"
    "@aws-sdk/credential-provider-ini" "3.337.0"
    "@aws-sdk/credential-provider-process" "3.337.0"
    "@aws-sdk/credential-provider-sso" "3.337.0"
    "@aws-sdk/credential-provider-web-identity" "3.337.0"
    "@aws-sdk/property-provider" "3.337.0"
    "@aws-sdk/shared-ini-file-loader" "3.337.0"
    "@aws-sdk/types" "3.337.0"
    tslib "^2.5.0"

"@aws-sdk/credential-provider-process@3.337.0":
  version "3.337.0"
  resolved "https://registry.yarnpkg.com/@aws-sdk/credential-provider-process/-/credential-provider-process-3.337.0.tgz#0372ef291608f3bb83d5ff95cd98d26b18cc9e9b"
  integrity sha512-c14QVsGO5M8GVLq2A7YYtbf0WtNX4xPt6nCw+Iftm0xmvs02uEbGI78ZxJiZIy3T89b3ElYgyyOvkLVPDCCa1A==
  dependencies:
    "@aws-sdk/property-provider" "3.337.0"
    "@aws-sdk/shared-ini-file-loader" "3.337.0"
    "@aws-sdk/types" "3.337.0"
    tslib "^2.5.0"

"@aws-sdk/credential-provider-sso@3.337.0":
  version "3.337.0"
  resolved "https://registry.yarnpkg.com/@aws-sdk/credential-provider-sso/-/credential-provider-sso-3.337.0.tgz#58279a48d9d0d74261166d721ed05097e5cd24c0"
  integrity sha512-EXyaUIiCyPMoq+XJEC+fg3fQ8d2xsRZIgLdJ2YAleef4Gg66hGWu5htIOrQmBq3o7O93uzysC+/XN0nIaKerEg==
  dependencies:
    "@aws-sdk/client-sso" "3.337.0"
    "@aws-sdk/property-provider" "3.337.0"
    "@aws-sdk/shared-ini-file-loader" "3.337.0"
    "@aws-sdk/token-providers" "3.337.0"
    "@aws-sdk/types" "3.337.0"
    tslib "^2.5.0"

"@aws-sdk/credential-provider-web-identity@3.337.0":
  version "3.337.0"
  resolved "https://registry.yarnpkg.com/@aws-sdk/credential-provider-web-identity/-/credential-provider-web-identity-3.337.0.tgz#c09a2a2e2af7979593b2327c2414e7c8f4a69edf"
  integrity sha512-qtJelugUvcyoa3Hm9J4ErbC4bFGurRduM9muzYTFcEUSyaZeCxYa+TYd+5MAPuvFpNBylqUzTtQKZokXb4WKSg==
  dependencies:
    "@aws-sdk/property-provider" "3.337.0"
    "@aws-sdk/types" "3.337.0"
    tslib "^2.5.0"

"@aws-sdk/fetch-http-handler@3.337.0":
  version "3.337.0"
  resolved "https://registry.yarnpkg.com/@aws-sdk/fetch-http-handler/-/fetch-http-handler-3.337.0.tgz#0fbd6083c0dbebe32bb0291e2d58943805cadfd1"
  integrity sha512-zZeiXwmRJd4bQUiPJdzLCAXZ69SkaYENy8yRes7F2QsKMtmXCQqGlJ871XYa6g1xUFizda+6YwodEEWjJ+yYtA==
  dependencies:
    "@aws-sdk/protocol-http" "3.337.0"
    "@aws-sdk/querystring-builder" "3.337.0"
    "@aws-sdk/types" "3.337.0"
    "@aws-sdk/util-base64" "3.310.0"
    tslib "^2.5.0"

"@aws-sdk/hash-node@3.337.0":
  version "3.337.0"
  resolved "https://registry.yarnpkg.com/@aws-sdk/hash-node/-/hash-node-3.337.0.tgz#fbcc0c81a6d6a1261ad6fa086168cdb3ae40f05a"
  integrity sha512-4pBSUUJhFP6x0klnO1yCcLyQWy+nwHCUFV8i0RqoyDZ1zioznP7bxO/BqYjKIAqfjMxhDh64M/TcQSvOIXbTdg==
  dependencies:
    "@aws-sdk/types" "3.337.0"
    "@aws-sdk/util-buffer-from" "3.310.0"
    "@aws-sdk/util-utf8" "3.310.0"
    tslib "^2.5.0"

"@aws-sdk/invalid-dependency@3.337.0":
  version "3.337.0"
  resolved "https://registry.yarnpkg.com/@aws-sdk/invalid-dependency/-/invalid-dependency-3.337.0.tgz#f9dfcf74bf32b1a0f7850fb279000e58318a7e3f"
  integrity sha512-QjVKlAeFpTbiQiUzVHDoNYmDQzIzAwgDqBs6ExFtVrLZRvl7NicwZgOARYSfQOvsPuWcm3Dv30wgJMD5FK3rwg==
  dependencies:
    "@aws-sdk/types" "3.337.0"
    tslib "^2.5.0"

"@aws-sdk/is-array-buffer@3.310.0":
  version "3.310.0"
  resolved "https://registry.yarnpkg.com/@aws-sdk/is-array-buffer/-/is-array-buffer-3.310.0.tgz#f87a79f1b858c88744f07e8d8d0a791df204017e"
  integrity sha512-urnbcCR+h9NWUnmOtet/s4ghvzsidFmspfhYaHAmSRdy9yDjdjBJMFjjsn85A1ODUktztm+cVncXjQ38WCMjMQ==
  dependencies:
    tslib "^2.5.0"

"@aws-sdk/md5-js@3.337.0":
  version "3.337.0"
  resolved "https://registry.yarnpkg.com/@aws-sdk/md5-js/-/md5-js-3.337.0.tgz#08e55abe070fde41060d4cd0288a9fbf4aab24f7"
  integrity sha512-Qp4shgXnJLpciogAZQNjGd4s9Wgeh1wVJ8rpMksKmrItlIsWfr3gvZOyvSXSAZfIg/yPTjDzIw4GdJO2LXXOow==
  dependencies:
    "@aws-sdk/types" "3.337.0"
    "@aws-sdk/util-utf8" "3.310.0"
    tslib "^2.5.0"

"@aws-sdk/middleware-content-length@3.337.0":
  version "3.337.0"
  resolved "https://registry.yarnpkg.com/@aws-sdk/middleware-content-length/-/middleware-content-length-3.337.0.tgz#170910cad04ecd142092fbce39374a48ec3bd662"
  integrity sha512-lQVgeVNFbDB8OBgFQC2OAMo21S0dbJNZxeXIqivLrjt9D++fAzYXKNIzfmdE4EWlaHJwaZBBHNcHxn3NUUzNPQ==
  dependencies:
    "@aws-sdk/protocol-http" "3.337.0"
    "@aws-sdk/types" "3.337.0"
    tslib "^2.5.0"

"@aws-sdk/middleware-endpoint@3.337.0":
  version "3.337.0"
  resolved "https://registry.yarnpkg.com/@aws-sdk/middleware-endpoint/-/middleware-endpoint-3.337.0.tgz#89605155cf276138ef36bc0f155e2d86d594c744"
  integrity sha512-fORA3YGjdpL8B+NWH1fegK8gTOMBUxLjJ/Or7eeQ4mR8p6YJYyE//f/awnYFVtGpIDx3losPt/QnbHMejNCZWA==
  dependencies:
    "@aws-sdk/middleware-serde" "3.337.0"
    "@aws-sdk/types" "3.337.0"
    "@aws-sdk/url-parser" "3.337.0"
    "@aws-sdk/util-middleware" "3.337.0"
    tslib "^2.5.0"

"@aws-sdk/middleware-host-header@3.337.0":
  version "3.337.0"
  resolved "https://registry.yarnpkg.com/@aws-sdk/middleware-host-header/-/middleware-host-header-3.337.0.tgz#0d47261b5fb50c6475bd5e7639c9d29acd2500eb"
  integrity sha512-yCa0UbF1Zoxv/EVbGZa2gY0wWFLqI00CkVEm00twRbAHTLYvefZFHjaqBH7kBSca9BaSZLRALtKHXZgfXSs5hQ==
  dependencies:
    "@aws-sdk/protocol-http" "3.337.0"
    "@aws-sdk/types" "3.337.0"
    tslib "^2.5.0"

"@aws-sdk/middleware-logger@3.337.0":
  version "3.337.0"
  resolved "https://registry.yarnpkg.com/@aws-sdk/middleware-logger/-/middleware-logger-3.337.0.tgz#f50b373d479dd7daad28a1660c3809f4487cba39"
  integrity sha512-wKkU4EjuvZUKMbwQP11iAELfBEAJRBX6wEBnz54mymASmIyUnN3/jzSUk6qw6GSz3z/QlgygOREeR8zlhUHuBA==
  dependencies:
    "@aws-sdk/types" "3.337.0"
    tslib "^2.5.0"

"@aws-sdk/middleware-recursion-detection@3.337.0":
  version "3.337.0"
  resolved "https://registry.yarnpkg.com/@aws-sdk/middleware-recursion-detection/-/middleware-recursion-detection-3.337.0.tgz#cdc56586b89d857149d6affe5e5ad36f0119eea5"
  integrity sha512-AS/w5Ym4TIjdJNzInu1d7NXNX6CtLCLCvtgGieQqOq8ZxNpFb5xhV7hIa2pNswCjV5Da34/g0NnkmV4wbHf1hA==
  dependencies:
    "@aws-sdk/protocol-http" "3.337.0"
    "@aws-sdk/types" "3.337.0"
    tslib "^2.5.0"

"@aws-sdk/middleware-retry@3.337.0":
  version "3.337.0"
  resolved "https://registry.yarnpkg.com/@aws-sdk/middleware-retry/-/middleware-retry-3.337.0.tgz#afb64be0c6a628401e090388b0c9ad0b6ca9b526"
  integrity sha512-G3deEJ9XGeMcHXlv9NBtEbUSPLF38cYVpPg8vjPVT3r/RGkCbrDxaNi9oZITzCDd7kFdWhwtYXzLoyrUcqLBZw==
  dependencies:
    "@aws-sdk/protocol-http" "3.337.0"
    "@aws-sdk/service-error-classification" "3.337.0"
    "@aws-sdk/types" "3.337.0"
    "@aws-sdk/util-middleware" "3.337.0"
    "@aws-sdk/util-retry" "3.337.0"
    tslib "^2.5.0"
    uuid "^8.3.2"

"@aws-sdk/middleware-sdk-sqs@3.337.0":
  version "3.337.0"
  resolved "https://registry.yarnpkg.com/@aws-sdk/middleware-sdk-sqs/-/middleware-sdk-sqs-3.337.0.tgz#715a31e57dfd19b78c49455326b42c2c94628884"
  integrity sha512-Y4ETONLLYRg+9zqSWIAVckiHxS8DeOxNNvSjNjYNetVMtvs8BxZucxof8ExAjrKYhBrY2DjDvRbDxc9KMzAXog==
  dependencies:
    "@aws-sdk/types" "3.337.0"
    "@aws-sdk/util-hex-encoding" "3.310.0"
    "@aws-sdk/util-utf8" "3.310.0"
    tslib "^2.5.0"

"@aws-sdk/middleware-sdk-sts@3.337.0":
  version "3.337.0"
  resolved "https://registry.yarnpkg.com/@aws-sdk/middleware-sdk-sts/-/middleware-sdk-sts-3.337.0.tgz#0968f5c688043cb44050078f4b58cfb8b3bd1d43"
  integrity sha512-0ALQXCwQG1V8CSQSbJFyCvJVNyMZN4DIPlPJNib/1fDjYg6ivlHqB7IeHObhgP433XEiWFUwEt3Wp4/bRA/hjg==
  dependencies:
    "@aws-sdk/middleware-signing" "3.337.0"
    "@aws-sdk/types" "3.337.0"
    tslib "^2.5.0"

"@aws-sdk/middleware-serde@3.337.0":
  version "3.337.0"
  resolved "https://registry.yarnpkg.com/@aws-sdk/middleware-serde/-/middleware-serde-3.337.0.tgz#f9b9279b23b36af715b955ec794bd995164ee0a2"
  integrity sha512-l789gudzsTLfmroCe/QIupTY4Vzce3X89R7ZQb30uCMUtlue+b0ozTGxcSfuhauDiJ5xdHgr3UiNSYT8VwQV9w==
  dependencies:
    "@aws-sdk/types" "3.337.0"
    tslib "^2.5.0"

"@aws-sdk/middleware-signing@3.337.0":
  version "3.337.0"
  resolved "https://registry.yarnpkg.com/@aws-sdk/middleware-signing/-/middleware-signing-3.337.0.tgz#6da263cb7b7e5bb511e2ea3c9a13ade49a872c94"
  integrity sha512-W1Ozt1AQNoF6jmMvaLEJIalwdpTXwDa3fm/6FosqdhuuU9pADJxLf4drcm6xo9YscR8U/L20pnGWU81XOYwILQ==
  dependencies:
    "@aws-sdk/property-provider" "3.337.0"
    "@aws-sdk/protocol-http" "3.337.0"
    "@aws-sdk/signature-v4" "3.337.0"
    "@aws-sdk/types" "3.337.0"
    "@aws-sdk/util-middleware" "3.337.0"
    tslib "^2.5.0"

"@aws-sdk/middleware-stack@3.337.0":
  version "3.337.0"
  resolved "https://registry.yarnpkg.com/@aws-sdk/middleware-stack/-/middleware-stack-3.337.0.tgz#9a5e25d35f7ff7891da073fef0d57e035d874c4e"
  integrity sha512-NPaf9b90lmM8vITfD4ZZros14mDVaul2yA3+0CeVl+sqJ/k/sEl0/f0kEsnVunPj6garTbBIhEyG6nlz5dJIbQ==
  dependencies:
    tslib "^2.5.0"

"@aws-sdk/middleware-user-agent@3.337.0":
  version "3.337.0"
  resolved "https://registry.yarnpkg.com/@aws-sdk/middleware-user-agent/-/middleware-user-agent-3.337.0.tgz#e9146123b3e5f17ea7a8b2d262c0419142c4427f"
  integrity sha512-syMpDQZsCP7hySzbRyVp421zMbUn8hZd+BpxkWP6V89tMrbdhDcKaxVY6ly5d8PQ06a5LfrzI3l+XPN6+v1UxA==
  dependencies:
    "@aws-sdk/protocol-http" "3.337.0"
    "@aws-sdk/types" "3.337.0"
    "@aws-sdk/util-endpoints" "3.337.0"
    tslib "^2.5.0"

"@aws-sdk/node-config-provider@3.337.0":
  version "3.337.0"
  resolved "https://registry.yarnpkg.com/@aws-sdk/node-config-provider/-/node-config-provider-3.337.0.tgz#c8d40b0695bbb1a73e31a8f56d6cca234f18064f"
  integrity sha512-fwAFpxHS5+uUSnRyGpLrflXFxlXf9av+Avjg1vDA2+U5SrxJxzhmnKJBpOkeUW7sfMpasmxOEzA1P9FNC/OORA==
  dependencies:
    "@aws-sdk/property-provider" "3.337.0"
    "@aws-sdk/shared-ini-file-loader" "3.337.0"
    "@aws-sdk/types" "3.337.0"
    tslib "^2.5.0"

"@aws-sdk/node-http-handler@3.337.0":
  version "3.337.0"
  resolved "https://registry.yarnpkg.com/@aws-sdk/node-http-handler/-/node-http-handler-3.337.0.tgz#6a541b5cd83cd07d0fb819fe83ad65400a8cad08"
  integrity sha512-+vfaIWD8hosZCCFsyQ0DVGJ2tXp3rL2azVyfcmw7bkV6V+HwAV0a0L6PQKmK7mnT/NywKQKw3bDm/UzvK0WAIA==
  dependencies:
    "@aws-sdk/abort-controller" "3.337.0"
    "@aws-sdk/protocol-http" "3.337.0"
    "@aws-sdk/querystring-builder" "3.337.0"
    "@aws-sdk/types" "3.337.0"
    tslib "^2.5.0"

"@aws-sdk/property-provider@3.337.0":
  version "3.337.0"
  resolved "https://registry.yarnpkg.com/@aws-sdk/property-provider/-/property-provider-3.337.0.tgz#dde4385a23cbdf433469a073ad8281966c650bad"
  integrity sha512-wnNTT6k4bTAxYbOqtjKHLN3hwhclV2z5d8biIQ5HRAG2xUYrysXJQKZVt+0qEgLj1FFMFCsXnQ2weYZ2xavT0A==
  dependencies:
    "@aws-sdk/types" "3.337.0"
    tslib "^2.5.0"

"@aws-sdk/protocol-http@3.337.0":
  version "3.337.0"
  resolved "https://registry.yarnpkg.com/@aws-sdk/protocol-http/-/protocol-http-3.337.0.tgz#2b88387bc2e59463de8a4d728995cd09b2dc4f95"
  integrity sha512-azAMUdzc/rmIEpqgq64M5puYUOqSjEcXMPPo8KefueFbF0otJoqmPQ9mvV1LEx5Hmc9NbRMyWSeu+tEf0ruLoQ==
  dependencies:
    "@aws-sdk/types" "3.337.0"
    tslib "^2.5.0"

"@aws-sdk/querystring-builder@3.337.0":
  version "3.337.0"
  resolved "https://registry.yarnpkg.com/@aws-sdk/querystring-builder/-/querystring-builder-3.337.0.tgz#a3f2f6b830df95a90d1312b354e1834287f64995"
  integrity sha512-dK2BgOr/tZUkM1D2dglSb8MqqW41PZ263csUxBAdoGDKp5Q6kPfqsf2iVRl0JMM5kZ2Jt68jCRzHWqzQiI2btQ==
  dependencies:
    "@aws-sdk/types" "3.337.0"
    "@aws-sdk/util-uri-escape" "3.310.0"
    tslib "^2.5.0"

"@aws-sdk/querystring-parser@3.337.0":
  version "3.337.0"
  resolved "https://registry.yarnpkg.com/@aws-sdk/querystring-parser/-/querystring-parser-3.337.0.tgz#b589698745c3cce74676091e7b68a36364a00b1c"
  integrity sha512-L9YaCmTdC1MpT06rOecX8SM3g64sk/hv5Ue9qVmDJQl0J06wlKYgZr4YZM/ObxmdKrsAuL7HMUXoaZG+Dwkb5Q==
  dependencies:
    "@aws-sdk/types" "3.337.0"
    tslib "^2.5.0"

"@aws-sdk/service-error-classification@3.337.0":
  version "3.337.0"
  resolved "https://registry.yarnpkg.com/@aws-sdk/service-error-classification/-/service-error-classification-3.337.0.tgz#9bd03001d7eb3d0bf3cb8f8ad37d5e443dbd50e6"
  integrity sha512-IfNBlEfn7+3u/FupvBLjCv2E965nEJ1ZCzIisqYV738xDYP9QtAuu6v6z3YxVCfQIicoKCyJJjhBkSlUBwYk6A==

"@aws-sdk/shared-ini-file-loader@3.337.0":
  version "3.337.0"
  resolved "https://registry.yarnpkg.com/@aws-sdk/shared-ini-file-loader/-/shared-ini-file-loader-3.337.0.tgz#6c2b1c7c4b5e8ac520f148f96c2381a15ea063c2"
  integrity sha512-0SWiuoAXayCEgJLfPKGANFobVOz8cqBGvm9UvNjrKSEm17/X63lbwZmrL4YMJ0OlJ7E9ofzMDH9xgBkU2F9Z/g==
  dependencies:
    "@aws-sdk/types" "3.337.0"
    tslib "^2.5.0"

"@aws-sdk/signature-v4@3.337.0":
  version "3.337.0"
  resolved "https://registry.yarnpkg.com/@aws-sdk/signature-v4/-/signature-v4-3.337.0.tgz#2b827afa2c27faa48dcde4275f94605b9c6e941b"
  integrity sha512-7QSsIrOlXbueA/abnb6pBMesWLwPO3JyY/4T/R5C0D68twUvpFyH7NxCw9ZLzXhsIo5zYfeBX4wrqPZvMeQwDg==
  dependencies:
    "@aws-sdk/is-array-buffer" "3.310.0"
    "@aws-sdk/types" "3.337.0"
    "@aws-sdk/util-hex-encoding" "3.310.0"
    "@aws-sdk/util-middleware" "3.337.0"
    "@aws-sdk/util-uri-escape" "3.310.0"
    "@aws-sdk/util-utf8" "3.310.0"
    tslib "^2.5.0"

"@aws-sdk/smithy-client@3.337.0":
  version "3.337.0"
  resolved "https://registry.yarnpkg.com/@aws-sdk/smithy-client/-/smithy-client-3.337.0.tgz#b953b3a4d1731e81bc09e82a2861aa2a60c6da4f"
  integrity sha512-kM8//dmT5KpUxhYtPQcs8KH+xU2/PpGOqHQNj5Dot5feozbHobILitqv3F0n5+Hc0ZVpBWzvWrLjtAFD+6HJ6g==
  dependencies:
    "@aws-sdk/middleware-stack" "3.337.0"
    "@aws-sdk/types" "3.337.0"
    tslib "^2.5.0"

"@aws-sdk/token-providers@3.337.0":
  version "3.337.0"
  resolved "https://registry.yarnpkg.com/@aws-sdk/token-providers/-/token-providers-3.337.0.tgz#65b8efb671c28c97fe02ebd2e13258a95f26b5a6"
  integrity sha512-uTXRksALCrtWdVSn7PMzslZbsHP/8mbhHzLT0ZxZK+8W8UawnFZg/CEe6wNxDzZvYC71rsNEfU94F390SycPTA==
  dependencies:
    "@aws-sdk/client-sso-oidc" "3.337.0"
    "@aws-sdk/property-provider" "3.337.0"
    "@aws-sdk/shared-ini-file-loader" "3.337.0"
    "@aws-sdk/types" "3.337.0"
    tslib "^2.5.0"

"@aws-sdk/types@3.337.0", "@aws-sdk/types@^3.222.0":
  version "3.337.0"
  resolved "https://registry.yarnpkg.com/@aws-sdk/types/-/types-3.337.0.tgz#e45a2ebe3799002f552658fd81c52bd0255e5c72"
  integrity sha512-yR7e9iWMabUfNWkpQs05QXXBXGwp5cunkzVNeDvcAKgaxVVD2n8wY9Iocl324GvXMplJcnND9l0DvizkTak3yQ==
  dependencies:
    tslib "^2.5.0"

"@aws-sdk/url-parser@3.337.0":
  version "3.337.0"
  resolved "https://registry.yarnpkg.com/@aws-sdk/url-parser/-/url-parser-3.337.0.tgz#eea6b1554fc021738a94edcb263d4b76b6b21e28"
  integrity sha512-gVqZDi1cBDlYWdNr3tqyuhEyW0FzWbf6J3CIjigm9HKchWYzC8ONyh9w0hbijDK383m9gwjtyHTP2Bpfwe5QCA==
  dependencies:
    "@aws-sdk/querystring-parser" "3.337.0"
    "@aws-sdk/types" "3.337.0"
    tslib "^2.5.0"

"@aws-sdk/util-base64@3.310.0":
  version "3.310.0"
  resolved "https://registry.yarnpkg.com/@aws-sdk/util-base64/-/util-base64-3.310.0.tgz#d0fd49aff358c5a6e771d0001c63b1f97acbe34c"
  integrity sha512-v3+HBKQvqgdzcbL+pFswlx5HQsd9L6ZTlyPVL2LS9nNXnCcR3XgGz9jRskikRUuUvUXtkSG1J88GAOnJ/apTPg==
  dependencies:
    "@aws-sdk/util-buffer-from" "3.310.0"
    tslib "^2.5.0"

"@aws-sdk/util-body-length-browser@3.310.0":
  version "3.310.0"
  resolved "https://registry.yarnpkg.com/@aws-sdk/util-body-length-browser/-/util-body-length-browser-3.310.0.tgz#3fca9d2f73c058edf1907e4a1d99a392fdd23eca"
  integrity sha512-sxsC3lPBGfpHtNTUoGXMQXLwjmR0zVpx0rSvzTPAuoVILVsp5AU/w5FphNPxD5OVIjNbZv9KsKTuvNTiZjDp9g==
  dependencies:
    tslib "^2.5.0"

"@aws-sdk/util-body-length-node@3.310.0":
  version "3.310.0"
  resolved "https://registry.yarnpkg.com/@aws-sdk/util-body-length-node/-/util-body-length-node-3.310.0.tgz#4846ae72834ab0636f29f89fc1878520f6543fed"
  integrity sha512-2tqGXdyKhyA6w4zz7UPoS8Ip+7sayOg9BwHNidiGm2ikbDxm1YrCfYXvCBdwaJxa4hJfRVz+aL9e+d3GqPI9pQ==
  dependencies:
    tslib "^2.5.0"

"@aws-sdk/util-buffer-from@3.310.0":
  version "3.310.0"
  resolved "https://registry.yarnpkg.com/@aws-sdk/util-buffer-from/-/util-buffer-from-3.310.0.tgz#7a72cb965984d3c6a7e256ae6cf1621f52e54a57"
  integrity sha512-i6LVeXFtGih5Zs8enLrt+ExXY92QV25jtEnTKHsmlFqFAuL3VBeod6boeMXkN2p9lbSVVQ1sAOOYZOHYbYkntw==
  dependencies:
    "@aws-sdk/is-array-buffer" "3.310.0"
    tslib "^2.5.0"

"@aws-sdk/util-config-provider@3.310.0":
  version "3.310.0"
  resolved "https://registry.yarnpkg.com/@aws-sdk/util-config-provider/-/util-config-provider-3.310.0.tgz#ff21f73d4774cfd7bd16ae56f905828600dda95f"
  integrity sha512-xIBaYo8dwiojCw8vnUcIL4Z5tyfb1v3yjqyJKJWV/dqKUFOOS0U591plmXbM+M/QkXyML3ypon1f8+BoaDExrg==
  dependencies:
    tslib "^2.5.0"

"@aws-sdk/util-defaults-mode-browser@3.337.0":
  version "3.337.0"
  resolved "https://registry.yarnpkg.com/@aws-sdk/util-defaults-mode-browser/-/util-defaults-mode-browser-3.337.0.tgz#c96b3f1d1153a1a88cd4ae487db11bdfdc4dc601"
  integrity sha512-bo45agW7IhVbyJocWUM5eGKD9e9vKtdtzREVgJA0gNaxFs+dtvT6i3/XmGV5hmDvIvWJTQrt4jK+PeNN4IONcA==
  dependencies:
    "@aws-sdk/property-provider" "3.337.0"
    "@aws-sdk/types" "3.337.0"
    bowser "^2.11.0"
    tslib "^2.5.0"

"@aws-sdk/util-defaults-mode-node@3.337.0":
  version "3.337.0"
  resolved "https://registry.yarnpkg.com/@aws-sdk/util-defaults-mode-node/-/util-defaults-mode-node-3.337.0.tgz#a9ad25d424bc91ec276885c7ee9b738163f69577"
  integrity sha512-G2FUZRtnNM3DadeIsLTLIoYb54YBkpvxO1f/blmKrFy+yD7BdNqqPSiQE8Zg99Qb0sitkYbkBTloewgOS+wUPg==
  dependencies:
    "@aws-sdk/config-resolver" "3.337.0"
    "@aws-sdk/credential-provider-imds" "3.337.0"
    "@aws-sdk/node-config-provider" "3.337.0"
    "@aws-sdk/property-provider" "3.337.0"
    "@aws-sdk/types" "3.337.0"
    tslib "^2.5.0"

"@aws-sdk/util-endpoints@3.337.0":
  version "3.337.0"
  resolved "https://registry.yarnpkg.com/@aws-sdk/util-endpoints/-/util-endpoints-3.337.0.tgz#4d920685df952ae77c7dfb1653d202ee7457d93c"
  integrity sha512-R+fJbAs+F58OosbaYx83vmlHI8K0r7JM3PsatqebedT5DVIRBd3GOlUWXa/XzAZRfZJensabRHibNwu/xr3htA==
  dependencies:
    "@aws-sdk/types" "3.337.0"
    tslib "^2.5.0"

"@aws-sdk/util-hex-encoding@3.310.0":
  version "3.310.0"
  resolved "https://registry.yarnpkg.com/@aws-sdk/util-hex-encoding/-/util-hex-encoding-3.310.0.tgz#19294c78986c90ae33f04491487863dc1d33bd87"
  integrity sha512-sVN7mcCCDSJ67pI1ZMtk84SKGqyix6/0A1Ab163YKn+lFBQRMKexleZzpYzNGxYzmQS6VanP/cfU7NiLQOaSfA==
  dependencies:
    tslib "^2.5.0"

"@aws-sdk/util-locate-window@^3.0.0":
  version "3.310.0"
  resolved "https://registry.yarnpkg.com/@aws-sdk/util-locate-window/-/util-locate-window-3.310.0.tgz#b071baf050301adee89051032bd4139bba32cc40"
  integrity sha512-qo2t/vBTnoXpjKxlsC2e1gBrRm80M3bId27r0BRB2VniSSe7bL1mmzM+/HFtujm0iAxtPM+aLEflLJlJeDPg0w==
  dependencies:
    tslib "^2.5.0"

"@aws-sdk/util-middleware@3.337.0":
  version "3.337.0"
  resolved "https://registry.yarnpkg.com/@aws-sdk/util-middleware/-/util-middleware-3.337.0.tgz#d5f2e44295f9b60899fb3895515daa8588405915"
  integrity sha512-DKQf0SB7kMy5JFLHZq9w0DiupYfanEXCot8S/WzXuyPdUrsfhHT3TwrO44Alkcm8YFTSeXIxdd2jSEHEN6L50Q==
  dependencies:
    tslib "^2.5.0"

"@aws-sdk/util-retry@3.337.0":
  version "3.337.0"
  resolved "https://registry.yarnpkg.com/@aws-sdk/util-retry/-/util-retry-3.337.0.tgz#55c0fba5d811e20fd65c0b1f30eb97659dd783e8"
  integrity sha512-h2lhi08Hfsfu+skBEmQLYqdzfC+H60ZiiHo/JwMjpZJY2j9r6rg3ShtHcOmSRG3IOHiEIEXIcXcnVSMV+OOfTQ==
  dependencies:
    "@aws-sdk/service-error-classification" "3.337.0"
    tslib "^2.5.0"

"@aws-sdk/util-uri-escape@3.310.0":
  version "3.310.0"
  resolved "https://registry.yarnpkg.com/@aws-sdk/util-uri-escape/-/util-uri-escape-3.310.0.tgz#9f942f09a715d8278875013a416295746b6085ba"
  integrity sha512-drzt+aB2qo2LgtDoiy/3sVG8w63cgLkqFIa2NFlGpUgHFWTXkqtbgf4L5QdjRGKWhmZsnqkbtL7vkSWEcYDJ4Q==
  dependencies:
    tslib "^2.5.0"

"@aws-sdk/util-user-agent-browser@3.337.0":
  version "3.337.0"
  resolved "https://registry.yarnpkg.com/@aws-sdk/util-user-agent-browser/-/util-user-agent-browser-3.337.0.tgz#9db2a7d3bd9ffb2224b368ec0159764709598ac2"
  integrity sha512-YS56vAUsN9LR+Uztyf/nlqypgP6fDVjugNLcc4C1K+/71QAp+NaINp12WZmayI8pXjlb+LkwQa1xLHpkWuN/xg==
  dependencies:
    "@aws-sdk/types" "3.337.0"
    bowser "^2.11.0"
    tslib "^2.5.0"

"@aws-sdk/util-user-agent-node@3.337.0":
  version "3.337.0"
  resolved "https://registry.yarnpkg.com/@aws-sdk/util-user-agent-node/-/util-user-agent-node-3.337.0.tgz#6bcd4d9dbfc30fffb36413bd9170312b0b3af57e"
  integrity sha512-dy8Y1OFY4b1FjJWZVRqOzvezJvuS6krFdCZ3PoiRdNfYgi8xUGeEzjmOxeo8srcXRa/DcKQwpM46HzOhZcBiTA==
  dependencies:
    "@aws-sdk/node-config-provider" "3.337.0"
    "@aws-sdk/types" "3.337.0"
    tslib "^2.5.0"

"@aws-sdk/util-utf8-browser@^3.0.0":
  version "3.259.0"
  resolved "https://registry.yarnpkg.com/@aws-sdk/util-utf8-browser/-/util-utf8-browser-3.259.0.tgz#3275a6f5eb334f96ca76635b961d3c50259fd9ff"
  integrity sha512-UvFa/vR+e19XookZF8RzFZBrw2EUkQWxiBW0yYQAhvk3C+QVGl0H3ouca8LDBlBfQKXwmW3huo/59H8rwb1wJw==
  dependencies:
    tslib "^2.3.1"

"@aws-sdk/util-utf8@3.310.0":
  version "3.310.0"
  resolved "https://registry.yarnpkg.com/@aws-sdk/util-utf8/-/util-utf8-3.310.0.tgz#4a7b9dcebb88e830d3811aeb21e9a6df4273afb4"
  integrity sha512-DnLfFT8uCO22uOJc0pt0DsSNau1GTisngBCDw8jQuWT5CqogMJu4b/uXmwEqfj8B3GX6Xsz8zOd6JpRlPftQoA==
  dependencies:
    "@aws-sdk/util-buffer-from" "3.310.0"
    tslib "^2.5.0"

"@smithy/protocol-http@^1.0.1":
  version "1.0.1"
  resolved "https://registry.yarnpkg.com/@smithy/protocol-http/-/protocol-http-1.0.1.tgz#62fd73d73db285fd8e9a2287ed2904ac66e0d43f"
  integrity sha512-9OrEn0WfOVtBNYJUjUAn9AOiJ4lzERCJJ/JeZs8E6yajTGxBaFRxUnNBHiNqoDJVg076hY36UmEnPx7xXrvUSg==
  dependencies:
    "@smithy/types" "^1.0.0"
    tslib "^2.5.0"

"@smithy/types@^1.0.0":
  version "1.0.0"
  resolved "https://registry.yarnpkg.com/@smithy/types/-/types-1.0.0.tgz#87ab6131fe5e19cbd4d383ffb94d2b806d027d38"
  integrity sha512-kc1m5wPBHQCTixwuaOh9vnak/iJm21DrSf9UK6yDE5S3mQQ4u11pqAUiKWnlrZnYkeLfAI9UEHj9OaMT1v5Umg==
  dependencies:
    tslib "^2.5.0"

"@types/md5@^2.3.2":
  version "2.3.2"
  resolved "https://registry.yarnpkg.com/@types/md5/-/md5-2.3.2.tgz#529bb3f8a7e9e9f621094eb76a443f585d882528"
  integrity sha512-v+JFDu96+UYJ3/UWzB0mEglIS//MZXgRaJ4ubUPwOM0gvLc/kcQ3TWNYwENEK7/EcXGQVrW8h/XqednSjBd/Og==

"@types/node@18":
  version "18.16.14"
  resolved "https://registry.yarnpkg.com/@types/node/-/node-18.16.14.tgz#ab67bb907f1146afc6fedb9ce60ae8a99c989631"
  integrity sha512-+ImzUB3mw2c5ISJUq0punjDilUQ5GnUim0ZRvchHIWJmOC0G+p0kzhXBqj6cDjK0QdPFwzrHWgrJp3RPvCG5qg==

available-typed-arrays@^1.0.5:
  version "1.0.5"
  resolved "https://registry.yarnpkg.com/available-typed-arrays/-/available-typed-arrays-1.0.5.tgz#92f95616501069d07d10edb2fc37d3e1c65123b7"
  integrity sha512-DMD0KiN46eipeziST1LPP/STfDU0sufISXmjSgvVsoU2tqxctQeASejWcfNtxYKqETM1UxQ8sp2OrSBWpHY6sw==

aws-sdk@^2.1383.0:
  version "2.1383.0"
  resolved "https://registry.yarnpkg.com/aws-sdk/-/aws-sdk-2.1383.0.tgz#ae74e0acddec874b637263ec174841306460d696"
  integrity sha512-A8sdfcrlGYXqu5x8dpwh1lg9/o354leCx08N/irwH3U4sAwQin0vHsI9DHmaJ0PLNo/TuzeLE3s4dLpI3mWtww==
  dependencies:
    buffer "4.9.2"
    events "1.1.1"
    ieee754 "1.1.13"
    jmespath "0.16.0"
    querystring "0.2.0"
    sax "1.2.1"
    url "0.10.3"
    util "^0.12.4"
    uuid "8.0.0"
    xml2js "0.5.0"

base64-js@^1.0.2:
  version "1.5.1"
  resolved "https://registry.yarnpkg.com/base64-js/-/base64-js-1.5.1.tgz#1b1b440160a5bf7ad40b650f095963481903930a"
  integrity sha512-AKpaYlHn8t4SVbOHCy+b5+KKgvR4vrsD8vbvrbiQJps7fKDTkjkDry6ji0rUJjC0kzbNePLwzxq8iypo41qeWA==

bowser@^2.11.0:
  version "2.11.0"
  resolved "https://registry.yarnpkg.com/bowser/-/bowser-2.11.0.tgz#5ca3c35757a7aa5771500c70a73a9f91ef420a8f"
  integrity sha512-AlcaJBi/pqqJBIQ8U9Mcpc9i8Aqxn88Skv5d+xBX006BY5u8N3mGLHa5Lgppa7L/HfwgwLgZ6NYs+Ag6uUmJRA==

buffer@4.9.2:
  version "4.9.2"
  resolved "https://registry.yarnpkg.com/buffer/-/buffer-4.9.2.tgz#230ead344002988644841ab0244af8c44bbe3ef8"
  integrity sha512-xq+q3SRMOxGivLhBNaUdC64hDTQwejJ+H0T/NB1XMtTVEwNTrfFF3gAxiyW0Bu/xWEGhjVKgUcMhCrUy2+uCWg==
  dependencies:
    base64-js "^1.0.2"
    ieee754 "^1.1.4"
    isarray "^1.0.0"

call-bind@^1.0.2:
  version "1.0.2"
  resolved "https://registry.yarnpkg.com/call-bind/-/call-bind-1.0.2.tgz#b1d4e89e688119c3c9a903ad30abb2f6a919be3c"
  integrity sha512-7O+FbCihrB5WGbFYesctwmTKae6rOiIzmz1icreWJ+0aA7LJfuqhEso2T9ncpcFtzMQtzXf2QGGueWJGTYsqrA==
  dependencies:
    function-bind "^1.1.1"
    get-intrinsic "^1.0.2"

debug@^4.3.4:
  version "4.3.4"
  resolved "https://registry.yarnpkg.com/debug/-/debug-4.3.4.tgz#1319f6579357f2338d3337d2cdd4914bb5dcc865"
  integrity sha512-PRWFHuSU3eDtQJPvnNY7Jcket1j0t5OuOsFzPPzsekD52Zl8qUfFIPEiswXqIvHWGVHOgX+7G/vCNNhehwxfkQ==
  dependencies:
    ms "2.1.2"

events@1.1.1:
  version "1.1.1"
  resolved "https://registry.yarnpkg.com/events/-/events-1.1.1.tgz#9ebdb7635ad099c70dcc4c2a1f5004288e8bd924"
  integrity sha512-kEcvvCBByWXGnZy6JUlgAp2gBIUjfCAV6P6TgT1/aaQKcmuAEC4OZTV1I4EWQLz2gxZw76atuVyvHhTxvi0Flw==

fast-xml-parser@4.1.2:
  version "4.1.2"
  resolved "https://registry.yarnpkg.com/fast-xml-parser/-/fast-xml-parser-4.1.2.tgz#5a98c18238d28a57bbdfa9fe4cda01211fff8f4a"
  integrity sha512-CDYeykkle1LiA/uqQyNwYpFbyF6Axec6YapmpUP+/RHWIoR1zKjocdvNaTsxCxZzQ6v9MLXaSYm9Qq0thv0DHg==
  dependencies:
    strnum "^1.0.5"

for-each@^0.3.3:
  version "0.3.3"
  resolved "https://registry.yarnpkg.com/for-each/-/for-each-0.3.3.tgz#69b447e88a0a5d32c3e7084f3f1710034b21376e"
  integrity sha512-jqYfLp7mo9vIyQf8ykW2v7A+2N4QjeCeI5+Dz9XraiO1ign81wjiH7Fb9vSOWvQfNtmSa4H2RoQTrrXivdUZmw==
  dependencies:
    is-callable "^1.1.3"

function-bind@^1.1.1:
  version "1.1.1"
  resolved "https://registry.yarnpkg.com/function-bind/-/function-bind-1.1.1.tgz#a56899d3ea3c9bab874bb9773b7c5ede92f4895d"
  integrity sha512-yIovAzMX49sF8Yl58fSCWJ5svSLuaibPxXQJFLmBObTuCr0Mf1KiPopGM9NiFjiYBCbfaa2Fh6breQ6ANVTI0A==

get-intrinsic@^1.0.2, get-intrinsic@^1.1.3:
  version "1.2.1"
  resolved "https://registry.yarnpkg.com/get-intrinsic/-/get-intrinsic-1.2.1.tgz#d295644fed4505fc9cde952c37ee12b477a83d82"
  integrity sha512-2DcsyfABl+gVHEfCOaTrWgyt+tb6MSEGmKq+kI5HwLbIYgjgmMcV8KQ41uaKz1xxUcn9tJtgFbQUEVcEbd0FYw==
  dependencies:
    function-bind "^1.1.1"
    has "^1.0.3"
    has-proto "^1.0.1"
    has-symbols "^1.0.3"

gopd@^1.0.1:
  version "1.0.1"
  resolved "https://registry.yarnpkg.com/gopd/-/gopd-1.0.1.tgz#29ff76de69dac7489b7c0918a5788e56477c332c"
  integrity sha512-d65bNlIadxvpb/A2abVdlqKqV563juRnZ1Wtk6s1sIR8uNsXR70xqIzVqxVf1eTqDunwT2MkczEeaezCKTZhwA==
  dependencies:
    get-intrinsic "^1.1.3"

has-proto@^1.0.1:
  version "1.0.1"
  resolved "https://registry.yarnpkg.com/has-proto/-/has-proto-1.0.1.tgz#1885c1305538958aff469fef37937c22795408e0"
  integrity sha512-7qE+iP+O+bgF9clE5+UoBFzE65mlBiVj3tKCrlNQ0Ogwm0BjpT/gK4SlLYDMybDh5I3TCTKnPPa0oMG7JDYrhg==

has-symbols@^1.0.2, has-symbols@^1.0.3:
  version "1.0.3"
  resolved "https://registry.yarnpkg.com/has-symbols/-/has-symbols-1.0.3.tgz#bb7b2c4349251dce87b125f7bdf874aa7c8b39f8"
  integrity sha512-l3LCuF6MgDNwTDKkdYGEihYjt5pRPbEg46rtlmnSPlUbgmB8LOIrKJbYYFBSbnPaJexMKtiPO8hmeRjRz2Td+A==

has-tostringtag@^1.0.0:
  version "1.0.0"
  resolved "https://registry.yarnpkg.com/has-tostringtag/-/has-tostringtag-1.0.0.tgz#7e133818a7d394734f941e73c3d3f9291e658b25"
  integrity sha512-kFjcSNhnlGV1kyoGk7OXKSawH5JOb/LzUc5w9B02hOTO0dfFRjbHQKvg1d6cf3HbeUmtU9VbbV3qzZ2Teh97WQ==
  dependencies:
    has-symbols "^1.0.2"

has@^1.0.3:
  version "1.0.3"
  resolved "https://registry.yarnpkg.com/has/-/has-1.0.3.tgz#722d7cbfc1f6aa8241f16dd814e011e1f41e8796"
  integrity sha512-f2dvO0VU6Oej7RkWJGrehjbzMAjFp5/VKPp5tTpWIV4JHHZK1/BxbFRtf/siA2SWTe09caDmVtYYzWEIbBS4zw==
  dependencies:
    function-bind "^1.1.1"

ieee754@1.1.13:
  version "1.1.13"
  resolved "https://registry.yarnpkg.com/ieee754/-/ieee754-1.1.13.tgz#ec168558e95aa181fd87d37f55c32bbcb6708b84"
  integrity sha512-4vf7I2LYV/HaWerSo3XmlMkp5eZ83i+/CDluXi/IGTs/O1sejBNhTtnxzmRZfvOUqj7lZjqHkeTvpgSFDlWZTg==

ieee754@^1.1.4:
  version "1.2.1"
  resolved "https://registry.yarnpkg.com/ieee754/-/ieee754-1.2.1.tgz#8eb7a10a63fff25d15a57b001586d177d1b0d352"
  integrity sha512-dcyqhDvX1C46lXZcVqCpK+FtMRQVdIMN6/Df5js2zouUsqG7I6sFxitIC+7KYK29KdXOLHdu9zL4sFnoVQnqaA==

inherits@^2.0.3:
  version "2.0.4"
  resolved "https://registry.yarnpkg.com/inherits/-/inherits-2.0.4.tgz#0fa2c64f932917c3433a0ded55363aae37416b7c"
  integrity sha512-k/vGaX4/Yla3WzyMCvTQOXYeIHvqOKtnqBduzTHpzpQZzAskKMhZ2K+EnBiSM9zGSoIFeMpXKxa4dYeZIQqewQ==

is-arguments@^1.0.4:
  version "1.1.1"
  resolved "https://registry.yarnpkg.com/is-arguments/-/is-arguments-1.1.1.tgz#15b3f88fda01f2a97fec84ca761a560f123efa9b"
  integrity sha512-8Q7EARjzEnKpt/PCD7e1cgUS0a6X8u5tdSiMqXhojOdoV9TsMsiO+9VLC5vAmO8N7/GmXn7yjR8qnA6bVAEzfA==
  dependencies:
    call-bind "^1.0.2"
    has-tostringtag "^1.0.0"

is-callable@^1.1.3:
  version "1.2.7"
  resolved "https://registry.yarnpkg.com/is-callable/-/is-callable-1.2.7.tgz#3bc2a85ea742d9e36205dcacdd72ca1fdc51b055"
  integrity sha512-1BC0BVFhS/p0qtw6enp8e+8OD0UrK0oFLztSjNzhcKA3WDuJxxAPXzPuPtKkjEY9UUoEWlX/8fgKeu2S8i9JTA==

is-generator-function@^1.0.7:
  version "1.0.10"
  resolved "https://registry.yarnpkg.com/is-generator-function/-/is-generator-function-1.0.10.tgz#f1558baf1ac17e0deea7c0415c438351ff2b3c72"
  integrity sha512-jsEjy9l3yiXEQ+PsXdmBwEPcOxaXWLspKdplFUVI9vq1iZgIekeC0L167qeu86czQaxed3q/Uzuw0swL0irL8A==
  dependencies:
    has-tostringtag "^1.0.0"

is-typed-array@^1.1.10, is-typed-array@^1.1.3:
  version "1.1.10"
  resolved "https://registry.yarnpkg.com/is-typed-array/-/is-typed-array-1.1.10.tgz#36a5b5cb4189b575d1a3e4b08536bfb485801e3f"
  integrity sha512-PJqgEHiWZvMpaFZ3uTc8kHPM4+4ADTlDniuQL7cU/UDA0Ql7F70yGfHph3cLNe+c9toaigv+DFzTJKhc2CtO6A==
  dependencies:
    available-typed-arrays "^1.0.5"
    call-bind "^1.0.2"
    for-each "^0.3.3"
    gopd "^1.0.1"
    has-tostringtag "^1.0.0"

isarray@^1.0.0:
  version "1.0.0"
  resolved "https://registry.yarnpkg.com/isarray/-/isarray-1.0.0.tgz#bb935d48582cba168c06834957a54a3e07124f11"
  integrity sha512-VLghIWNM6ELQzo7zwmcg0NmTVyWKYjvIeM83yjp0wRDTmUnrM678fQbcKBo6n2CJEF0szoG//ytg+TKla89ALQ==

jmespath@0.16.0:
  version "0.16.0"
  resolved "https://registry.yarnpkg.com/jmespath/-/jmespath-0.16.0.tgz#b15b0a85dfd4d930d43e69ed605943c802785076"
  integrity sha512-9FzQjJ7MATs1tSpnco1K6ayiYE3figslrXA72G2HQ/n76RzvYlofyi5QM+iX4YRs/pu3yzxlVQSST23+dMDknw==

ms@2.1.2:
  version "2.1.2"
  resolved "https://registry.yarnpkg.com/ms/-/ms-2.1.2.tgz#d09d1f357b443f493382a8eb3ccd183872ae6009"
  integrity sha512-sGkPx+VjMtmA6MX27oA4FBFELFCZZ4S4XqeGOXCv68tT+jb3vk/RyaKWP0PTKyWtmLSM0b+adUTEvbs1PEaH2w==

punycode@1.3.2:
  version "1.3.2"
  resolved "https://registry.yarnpkg.com/punycode/-/punycode-1.3.2.tgz#9653a036fb7c1ee42342f2325cceefea3926c48d"
  integrity sha512-RofWgt/7fL5wP1Y7fxE7/EmTLzQVnB0ycyibJ0OOHIlJqTNzglYFxVwETOcIoJqJmpDXJ9xImDv+Fq34F/d4Dw==

querystring@0.2.0:
  version "0.2.0"
  resolved "https://registry.yarnpkg.com/querystring/-/querystring-0.2.0.tgz#b209849203bb25df820da756e747005878521620"
  integrity sha512-X/xY82scca2tau62i9mDyU9K+I+djTMUsvwf7xnUX5GLvVzgJybOJf4Y6o9Zx3oJK/LSXg5tTZBjwzqVPaPO2g==

sax@1.2.1:
  version "1.2.1"
  resolved "https://registry.yarnpkg.com/sax/-/sax-1.2.1.tgz#7b8e656190b228e81a66aea748480d828cd2d37a"
  integrity sha512-8I2a3LovHTOpm7NV5yOyO8IHqgVsfK4+UuySrXU8YXkSRX7k6hCV9b3HrkKCr3nMpgj+0bmocaJJWpvp1oc7ZA==

sax@>=0.6.0:
  version "1.2.4"
  resolved "https://registry.yarnpkg.com/sax/-/sax-1.2.4.tgz#2816234e2378bddc4e5354fab5caa895df7100d9"
  integrity sha512-NqVDv9TpANUjFm0N8uM5GxL36UgKi9/atZw+x7YFnQ8ckwFGKrl4xX4yWtrey3UJm5nP1kUbnYgLopqWNSRhWw==

sqs-consumer@^7.1.0:
  version "7.1.0"
  resolved "https://registry.yarnpkg.com/sqs-consumer/-/sqs-consumer-7.1.0.tgz#8459a3b7e93fff1fe1a50ddcb2a92d2088976dc6"
  integrity sha512-yJeNpjPtAPQWUuCScuUw/vS3RK5ZvPf41GrnvodTfB4AdS8e7tF2wyqha4RnWuf+LjzT/FpP0F1jYr1yboflRA==
  dependencies:
    "@aws-sdk/client-sqs" "^3.258.0"
    debug "^4.3.4"

strnum@^1.0.5:
  version "1.0.5"
  resolved "https://registry.yarnpkg.com/strnum/-/strnum-1.0.5.tgz#5c4e829fe15ad4ff0d20c3db5ac97b73c9b072db"
  integrity sha512-J8bbNyKKXl5qYcR36TIO8W3mVGVHrmmxsd5PAItGkmyzwJvybiw2IVq5nqd0i4LSNSkB/sx9VHllbfFdr9k1JA==

tslib@^1.11.1, tslib@^1.9.3:
  version "1.14.1"
  resolved "https://registry.yarnpkg.com/tslib/-/tslib-1.14.1.tgz#cf2d38bdc34a134bcaf1091c41f6619e2f672d00"
  integrity sha512-Xni35NKzjgMrwevysHTCArtLDpPvye8zV/0E4EyYn43P7/7qvQwPh9BGkHewbMulVntbigmcT7rdX3BNo9wRJg==

tslib@^2.0.1, tslib@^2.3.1, tslib@^2.5.0:
  version "2.5.2"
  resolved "https://registry.yarnpkg.com/tslib/-/tslib-2.5.2.tgz#1b6f07185c881557b0ffa84b111a0106989e8338"
  integrity sha512-5svOrSA2w3iGFDs1HibEVBGbDrAY82bFQ3HZ3ixB+88nsbsWQoKqDRb5UBYAUPEzbBn6dAp5gRNXglySbx1MlA==

tsyringe@^4.7.0:
  version "4.7.0"
  resolved "https://registry.yarnpkg.com/tsyringe/-/tsyringe-4.7.0.tgz#aea0a9d565385deebb6def60cda342b15016f283"
  integrity sha512-ncFDM1jTLsok4ejMvSW5jN1VGPQD48y2tfAR0pdptWRKYX4bkbqPt92k7KJ5RFJ1KV36JEs/+TMh7I6OUgj74g==
  dependencies:
    tslib "^1.9.3"

typedjson@^1.8.0:
  version "1.8.0"
  resolved "https://registry.yarnpkg.com/typedjson/-/typedjson-1.8.0.tgz#7ed7200f88c1240821c7e69d6d121667988e5d1d"
  integrity sha512-taVJVGebQDagEmVc3Cu6vVVLkWLnxqPcTrkVgbpAsI02ZDDrnHy5zvt1JVqXv4/yztBgZAX1oR07+bkiusGJLQ==
  dependencies:
    tslib "^2.0.1"

typescript@^5.0.4:
  version "5.0.4"
  resolved "https://registry.yarnpkg.com/typescript/-/typescript-5.0.4.tgz#b217fd20119bd61a94d4011274e0ab369058da3b"
  integrity sha512-cW9T5W9xY37cc+jfEnaUvX91foxtHkza3Nw3wkoF4sSlKn0MONdkdEndig/qPBWXNkmplh3NzayQzCiHM4/hqw==

url@0.10.3:
  version "0.10.3"
  resolved "https://registry.yarnpkg.com/url/-/url-0.10.3.tgz#021e4d9c7705f21bbf37d03ceb58767402774c64"
  integrity sha512-hzSUW2q06EqL1gKM/a+obYHLIO6ct2hwPuviqTTOcfFVc61UbfJ2Q32+uGL/HCPxKqrdGB5QUwIe7UqlDgwsOQ==
  dependencies:
    punycode "1.3.2"
    querystring "0.2.0"

util@^0.12.4:
  version "0.12.5"
  resolved "https://registry.yarnpkg.com/util/-/util-0.12.5.tgz#5f17a6059b73db61a875668781a1c2b136bd6fbc"
  integrity sha512-kZf/K6hEIrWHI6XqOFUiiMa+79wE/D8Q+NCNAWclkyg3b4d2k7s0QGepNjiABc+aR3N1PAyHL7p6UcLY6LmrnA==
  dependencies:
    inherits "^2.0.3"
    is-arguments "^1.0.4"
    is-generator-function "^1.0.7"
    is-typed-array "^1.1.3"
    which-typed-array "^1.1.2"

uuid@8.0.0:
  version "8.0.0"
  resolved "https://registry.yarnpkg.com/uuid/-/uuid-8.0.0.tgz#bc6ccf91b5ff0ac07bbcdbf1c7c4e150db4dbb6c"
  integrity sha512-jOXGuXZAWdsTH7eZLtyXMqUb9EcWMGZNbL9YcGBJl4MH4nrxHmZJhEHvyLFrkxo+28uLb/NYRcStH48fnD0Vzw==

uuid@^8.3.2:
  version "8.3.2"
  resolved "https://registry.yarnpkg.com/uuid/-/uuid-8.3.2.tgz#80d5b5ced271bb9af6c445f21a1a04c606cefbe2"
  integrity sha512-+NYs2QeMWy+GWFOEm9xnn6HCDp0l7QBD7ml8zLUmJ+93Q5NF0NocErnwkTkXVFNiX3/fpC6afS8Dhb/gz7R7eg==

which-typed-array@^1.1.2:
  version "1.1.9"
  resolved "https://registry.yarnpkg.com/which-typed-array/-/which-typed-array-1.1.9.tgz#307cf898025848cf995e795e8423c7f337efbde6"
  integrity sha512-w9c4xkx6mPidwp7180ckYWfMmvxpjlZuIudNtDf4N/tTAUB8VJbX25qZoAsrtGuYNnGw3pa0AXgbGKRB8/EceA==
  dependencies:
    available-typed-arrays "^1.0.5"
    call-bind "^1.0.2"
    for-each "^0.3.3"
    gopd "^1.0.1"
    has-tostringtag "^1.0.0"
    is-typed-array "^1.1.10"

xml2js@0.5.0:
  version "0.5.0"
  resolved "https://registry.yarnpkg.com/xml2js/-/xml2js-0.5.0.tgz#d9440631fbb2ed800203fad106f2724f62c493b7"
  integrity sha512-drPFnkQJik/O+uPKpqSgr22mpuFHqKdbS835iAQrUC73L2F5WkboIRd63ai/2Yg6I1jzifPFKH2NTK+cfglkIA==
  dependencies:
    sax ">=0.6.0"
    xmlbuilder "~11.0.0"

xmlbuilder@~11.0.0:
  version "11.0.1"
  resolved "https://registry.yarnpkg.com/xmlbuilder/-/xmlbuilder-11.0.1.tgz#be9bae1c8a046e76b31127726347d0ad7002beb3"
  integrity sha512-fDlsI/kFEx7gLvbecc0/ohLG50fugQp8ryHzMTuW9vSa1GJ0XYWKnhsUx7oie3G98+r56aTQIUB4kht42R3JvA==
